
Microsoft Visual Studio Solution File, Format Version 12.00
# Visual Studio 14
VisualStudioVersion = 14.0.25420.1
MinimumVisualStudioVersion = 10.0.40219.1
Project("{FAE04EC0-301F-11D3-BF4B-00C04F79EFBC}") = "Aula01", "Aula01\Aula01.csproj", "{1016C66D-39B5-4A78-9341-ED2008BB173D}"
EndProject
Project("{FAE04EC0-301F-11D3-BF4B-00C04F79EFBC}") = "Aula02", "Aula02\Aula02.csproj", "{8B32F93C-2F74-43C8-9FF1-8B98E1CF1693}"
EndProject
Global
	GlobalSection(SolutionConfigurationPlatforms) = preSolution
		Debug|Any CPU = Debug|Any CPU
		Release|Any CPU = Release|Any CPU
	EndGlobalSection
	GlobalSection(ProjectConfigurationPlatforms) = postSolution
		{1016C66D-39B5-4A78-9341-ED2008BB173D}.Debug|Any CPU.ActiveCfg = Debug|Any CPU
		{1016C66D-39B5-4A78-9341-ED2008BB173D}.Debug|Any CPU.Build.0 = Debug|Any CPU
		{1016C66D-39B5-4A78-9341-ED2008BB173D}.Release|Any CPU.ActiveCfg = Release|Any CPU
		{1016C66D-39B5-4A78-9341-ED2008BB173D}.Release|Any CPU.Build.0 = Release|Any CPU
		{8B32F93C-2F74-43C8-9FF1-8B98E1CF1693}.Debug|Any CPU.ActiveCfg = Debug|Any CPU
		{8B32F93C-2F74-43C8-9FF1-8B98E1CF1693}.Debug|Any CPU.Build.0 = Debug|Any CPU
		{8B32F93C-2F74-43C8-9FF1-8B98E1CF1693}.Release|Any CPU.ActiveCfg = Release|Any CPU
		{8B32F93C-2F74-43C8-9FF1-8B98E1CF1693}.Release|Any CPU.Build.0 = Release|Any CPU
	EndGlobalSection
	GlobalSection(SolutionProperties) = preSolution
		HideSolutionNode = FALSE
	EndGlobalSection
EndGlobal
